
Microsoft Visual Studio Solution File, Format Version 12.00
# Visual Studio Version 16
VisualStudioVersion = 16.0.30907.101
MinimumVisualStudioVersion = 10.0.40219.1
Project("{FAE04EC0-301F-11D3-BF4B-00C04F79EFBC}") = "MáquinaInferencia-Frutas", "MáquinaInferencia-Frutas.csproj", "{520AA7A4-38EB-42D7-A28C-7ACE7C2E055D}"
EndProject
Global
	GlobalSection(SolutionConfigurationPlatforms) = preSolution
		Debug|Any CPU = Debug|Any CPU
		Release|Any CPU = Release|Any CPU
	EndGlobalSection
	GlobalSection(ProjectConfigurationPlatforms) = postSolution
		{520AA7A4-38EB-42D7-A28C-7ACE7C2E055D}.Debug|Any CPU.ActiveCfg = Debug|Any CPU
		{520AA7A4-38EB-42D7-A28C-7ACE7C2E055D}.Debug|Any CPU.Build.0 = Debug|Any CPU
		{520AA7A4-38EB-42D7-A28C-7ACE7C2E055D}.Release|Any CPU.ActiveCfg = Release|Any CPU
		{520AA7A4-38EB-42D7-A28C-7ACE7C2E055D}.Release|Any CPU.Build.0 = Release|Any CPU
	EndGlobalSection
	GlobalSection(SolutionProperties) = preSolution
		HideSolutionNode = FALSE
	EndGlobalSection
	GlobalSection(ExtensibilityGlobals) = postSolution
		SolutionGuid = {E4D9CF93-0570-4D32-867B-E7E1467AF8AD}
	EndGlobalSection
EndGlobal
